
Microsoft Visual Studio Solution File, Format Version 12.00
# Visual Studio 14
VisualStudioVersion = 14.0.24720.0
MinimumVisualStudioVersion = 10.0.40219.1
Project("{FAE04EC0-301F-11D3-BF4B-00C04F79EFBC}") = "MobileApp.Droid", "MobileApp\MobileApp.Droid\MobileApp.Droid.csproj", "{D1B592BD-24A1-44FB-B0BE-F542AA1336BB}"
EndProject
Project("{FAE04EC0-301F-11D3-BF4B-00C04F79EFBC}") = "MobileApp.iOS", "MobileApp\MobileApp.iOS\MobileApp.iOS.csproj", "{B6EEAA89-33F8-4C2B-8312-1424690A74C2}"
EndProject
Project("{FAE04EC0-301F-11D3-BF4B-00C04F79EFBC}") = "MobileApp.WinPhone", "MobileApp\MobileApp.WinPhone\MobileApp.WinPhone.csproj", "{C6111993-2B28-4100-BAE4-05FEEBA8FDB8}"
EndProject
Project("{FAE04EC0-301F-11D3-BF4B-00C04F79EFBC}") = "MobileApp.UWP", "MobileApp\MobileApp.UWP\MobileApp.UWP.csproj", "{9F63CE7B-B8C8-4B01-80D4-32E09C833CB7}"
EndProject
Project("{FAE04EC0-301F-11D3-BF4B-00C04F79EFBC}") = "MobileApp.Windows", "MobileApp\MobileApp.Windows\MobileApp.Windows.csproj", "{489312F0-5DBE-468A-AA4F-77B41DCF6A58}"
EndProject
Project("{FAE04EC0-301F-11D3-BF4B-00C04F79EFBC}") = "MobileApp", "MobileApp\MobileApp\MobileApp.csproj", "{8065B508-8D32-46A7-8245-A03D03812B5A}"
EndProject
Global
	GlobalSection(SolutionConfigurationPlatforms) = preSolution
		Ad-Hoc|Any CPU = Ad-Hoc|Any CPU
		Ad-Hoc|ARM = Ad-Hoc|ARM
		Ad-Hoc|iPhone = Ad-Hoc|iPhone
		Ad-Hoc|iPhoneSimulator = Ad-Hoc|iPhoneSimulator
		Ad-Hoc|x64 = Ad-Hoc|x64
		Ad-Hoc|x86 = Ad-Hoc|x86
		AppStore|Any CPU = AppStore|Any CPU
		AppStore|ARM = AppStore|ARM
		AppStore|iPhone = AppStore|iPhone
		AppStore|iPhoneSimulator = AppStore|iPhoneSimulator
		AppStore|x64 = AppStore|x64
		AppStore|x86 = AppStore|x86
		Debug|Any CPU = Debug|Any CPU
		Debug|ARM = Debug|ARM
		Debug|iPhone = Debug|iPhone
		Debug|iPhoneSimulator = Debug|iPhoneSimulator
		Debug|x64 = Debug|x64
		Debug|x86 = Debug|x86
		Release|Any CPU = Release|Any CPU
		Release|ARM = Release|ARM
		Release|iPhone = Release|iPhone
		Release|iPhoneSimulator = Release|iPhoneSimulator
		Release|x64 = Release|x64
		Release|x86 = Release|x86
	EndGlobalSection
	GlobalSection(ProjectConfigurationPlatforms) = postSolution
		{D1B592BD-24A1-44FB-B0BE-F542AA1336BB}.Ad-Hoc|Any CPU.ActiveCfg = Release|Any CPU
		{D1B592BD-24A1-44FB-B0BE-F542AA1336BB}.Ad-Hoc|Any CPU.Build.0 = Release|Any CPU
		{D1B592BD-24A1-44FB-B0BE-F542AA1336BB}.Ad-Hoc|Any CPU.Deploy.0 = Release|Any CPU
		{D1B592BD-24A1-44FB-B0BE-F542AA1336BB}.Ad-Hoc|ARM.ActiveCfg = Release|Any CPU
		{D1B592BD-24A1-44FB-B0BE-F542AA1336BB}.Ad-Hoc|ARM.Build.0 = Release|Any CPU
		{D1B592BD-24A1-44FB-B0BE-F542AA1336BB}.Ad-Hoc|ARM.Deploy.0 = Release|Any CPU
		{D1B592BD-24A1-44FB-B0BE-F542AA1336BB}.Ad-Hoc|iPhone.ActiveCfg = Release|Any CPU
		{D1B592BD-24A1-44FB-B0BE-F542AA1336BB}.Ad-Hoc|iPhone.Build.0 = Release|Any CPU
		{D1B592BD-24A1-44FB-B0BE-F542AA1336BB}.Ad-Hoc|iPhone.Deploy.0 = Release|Any CPU
		{D1B592BD-24A1-44FB-B0BE-F542AA1336BB}.Ad-Hoc|iPhoneSimulator.ActiveCfg = Release|Any CPU
		{D1B592BD-24A1-44FB-B0BE-F542AA1336BB}.Ad-Hoc|iPhoneSimulator.Build.0 = Release|Any CPU
		{D1B592BD-24A1-44FB-B0BE-F542AA1336BB}.Ad-Hoc|iPhoneSimulator.Deploy.0 = Release|Any CPU
		{D1B592BD-24A1-44FB-B0BE-F542AA1336BB}.Ad-Hoc|x64.ActiveCfg = Release|Any CPU
		{D1B592BD-24A1-44FB-B0BE-F542AA1336BB}.Ad-Hoc|x64.Build.0 = Release|Any CPU
		{D1B592BD-24A1-44FB-B0BE-F542AA1336BB}.Ad-Hoc|x64.Deploy.0 = Release|Any CPU
		{D1B592BD-24A1-44FB-B0BE-F542AA1336BB}.Ad-Hoc|x86.ActiveCfg = Release|Any CPU
		{D1B592BD-24A1-44FB-B0BE-F542AA1336BB}.Ad-Hoc|x86.Build.0 = Release|Any CPU
		{D1B592BD-24A1-44FB-B0BE-F542AA1336BB}.Ad-Hoc|x86.Deploy.0 = Release|Any CPU
		{D1B592BD-24A1-44FB-B0BE-F542AA1336BB}.AppStore|Any CPU.ActiveCfg = Release|Any CPU
		{D1B592BD-24A1-44FB-B0BE-F542AA1336BB}.AppStore|Any CPU.Build.0 = Release|Any CPU
		{D1B592BD-24A1-44FB-B0BE-F542AA1336BB}.AppStore|Any CPU.Deploy.0 = Release|Any CPU
		{D1B592BD-24A1-44FB-B0BE-F542AA1336BB}.AppStore|ARM.ActiveCfg = Release|Any CPU
		{D1B592BD-24A1-44FB-B0BE-F542AA1336BB}.AppStore|ARM.Build.0 = Release|Any CPU
		{D1B592BD-24A1-44FB-B0BE-F542AA1336BB}.AppStore|ARM.Deploy.0 = Release|Any CPU
		{D1B592BD-24A1-44FB-B0BE-F542AA1336BB}.AppStore|iPhone.ActiveCfg = Release|Any CPU
		{D1B592BD-24A1-44FB-B0BE-F542AA1336BB}.AppStore|iPhone.Build.0 = Release|Any CPU
		{D1B592BD-24A1-44FB-B0BE-F542AA1336BB}.AppStore|iPhone.Deploy.0 = Release|Any CPU
		{D1B592BD-24A1-44FB-B0BE-F542AA1336BB}.AppStore|iPhoneSimulator.ActiveCfg = Release|Any CPU
		{D1B592BD-24A1-44FB-B0BE-F542AA1336BB}.AppStore|iPhoneSimulator.Build.0 = Release|Any CPU
		{D1B592BD-24A1-44FB-B0BE-F542AA1336BB}.AppStore|iPhoneSimulator.Deploy.0 = Release|Any CPU
		{D1B592BD-24A1-44FB-B0BE-F542AA1336BB}.AppStore|x64.ActiveCfg = Release|Any CPU
		{D1B592BD-24A1-44FB-B0BE-F542AA1336BB}.AppStore|x64.Build.0 = Release|Any CPU
		{D1B592BD-24A1-44FB-B0BE-F542AA1336BB}.AppStore|x64.Deploy.0 = Release|Any CPU
		{D1B592BD-24A1-44FB-B0BE-F542AA1336BB}.AppStore|x86.ActiveCfg = Release|Any CPU
		{D1B592BD-24A1-44FB-B0BE-F542AA1336BB}.AppStore|x86.Build.0 = Release|Any CPU
		{D1B592BD-24A1-44FB-B0BE-F542AA1336BB}.AppStore|x86.Deploy.0 = Release|Any CPU
		{D1B592BD-24A1-44FB-B0BE-F542AA1336BB}.Debug|Any CPU.ActiveCfg = Debug|Any CPU
		{D1B592BD-24A1-44FB-B0BE-F542AA1336BB}.Debug|Any CPU.Build.0 = Debug|Any CPU
		{D1B592BD-24A1-44FB-B0BE-F542AA1336BB}.Debug|Any CPU.Deploy.0 = Debug|Any CPU
		{D1B592BD-24A1-44FB-B0BE-F542AA1336BB}.Debug|ARM.ActiveCfg = Debug|Any CPU
		{D1B592BD-24A1-44FB-B0BE-F542AA1336BB}.Debug|ARM.Build.0 = Debug|Any CPU
		{D1B592BD-24A1-44FB-B0BE-F542AA1336BB}.Debug|ARM.Deploy.0 = Debug|Any CPU
		{D1B592BD-24A1-44FB-B0BE-F542AA1336BB}.Debug|iPhone.ActiveCfg = Debug|Any CPU
		{D1B592BD-24A1-44FB-B0BE-F542AA1336BB}.Debug|iPhone.Build.0 = Debug|Any CPU
		{D1B592BD-24A1-44FB-B0BE-F542AA1336BB}.Debug|iPhone.Deploy.0 = Debug|Any CPU
		{D1B592BD-24A1-44FB-B0BE-F542AA1336BB}.Debug|iPhoneSimulator.ActiveCfg = Debug|Any CPU
		{D1B592BD-24A1-44FB-B0BE-F542AA1336BB}.Debug|iPhoneSimulator.Build.0 = Debug|Any CPU
		{D1B592BD-24A1-44FB-B0BE-F542AA1336BB}.Debug|iPhoneSimulator.Deploy.0 = Debug|Any CPU
		{D1B592BD-24A1-44FB-B0BE-F542AA1336BB}.Debug|x64.ActiveCfg = Debug|Any CPU
		{D1B592BD-24A1-44FB-B0BE-F542AA1336BB}.Debug|x64.Build.0 = Debug|Any CPU
		{D1B592BD-24A1-44FB-B0BE-F542AA1336BB}.Debug|x64.Deploy.0 = Debug|Any CPU
		{D1B592BD-24A1-44FB-B0BE-F542AA1336BB}.Debug|x86.ActiveCfg = Debug|Any CPU
		{D1B592BD-24A1-44FB-B0BE-F542AA1336BB}.Debug|x86.Build.0 = Debug|Any CPU
		{D1B592BD-24A1-44FB-B0BE-F542AA1336BB}.Debug|x86.Deploy.0 = Debug|Any CPU
		{D1B592BD-24A1-44FB-B0BE-F542AA1336BB}.Release|Any CPU.ActiveCfg = Release|Any CPU
		{D1B592BD-24A1-44FB-B0BE-F542AA1336BB}.Release|Any CPU.Build.0 = Release|Any CPU
		{D1B592BD-24A1-44FB-B0BE-F542AA1336BB}.Release|Any CPU.Deploy.0 = Release|Any CPU
		{D1B592BD-24A1-44FB-B0BE-F542AA1336BB}.Release|ARM.ActiveCfg = Release|Any CPU
		{D1B592BD-24A1-44FB-B0BE-F542AA1336BB}.Release|ARM.Build.0 = Release|Any CPU
		{D1B592BD-24A1-44FB-B0BE-F542AA1336BB}.Release|ARM.Deploy.0 = Release|Any CPU
		{D1B592BD-24A1-44FB-B0BE-F542AA1336BB}.Release|iPhone.ActiveCfg = Release|Any CPU
		{D1B592BD-24A1-44FB-B0BE-F542AA1336BB}.Release|iPhone.Build.0 = Release|Any CPU
		{D1B592BD-24A1-44FB-B0BE-F542AA1336BB}.Release|iPhone.Deploy.0 = Release|Any CPU
		{D1B592BD-24A1-44FB-B0BE-F542AA1336BB}.Release|iPhoneSimulator.ActiveCfg = Release|Any CPU
		{D1B592BD-24A1-44FB-B0BE-F542AA1336BB}.Release|iPhoneSimulator.Build.0 = Release|Any CPU
		{D1B592BD-24A1-44FB-B0BE-F542AA1336BB}.Release|iPhoneSimulator.Deploy.0 = Release|Any CPU
		{D1B592BD-24A1-44FB-B0BE-F542AA1336BB}.Release|x64.ActiveCfg = Release|Any CPU
		{D1B592BD-24A1-44FB-B0BE-F542AA1336BB}.Release|x64.Build.0 = Release|Any CPU
		{D1B592BD-24A1-44FB-B0BE-F542AA1336BB}.Release|x64.Deploy.0 = Release|Any CPU
		{D1B592BD-24A1-44FB-B0BE-F542AA1336BB}.Release|x86.ActiveCfg = Release|Any CPU
		{D1B592BD-24A1-44FB-B0BE-F542AA1336BB}.Release|x86.Build.0 = Release|Any CPU
		{D1B592BD-24A1-44FB-B0BE-F542AA1336BB}.Release|x86.Deploy.0 = Release|Any CPU
		{B6EEAA89-33F8-4C2B-8312-1424690A74C2}.Ad-Hoc|Any CPU.ActiveCfg = Ad-Hoc|iPhone
		{B6EEAA89-33F8-4C2B-8312-1424690A74C2}.Ad-Hoc|ARM.ActiveCfg = Ad-Hoc|iPhone
		{B6EEAA89-33F8-4C2B-8312-1424690A74C2}.Ad-Hoc|iPhone.ActiveCfg = Ad-Hoc|iPhone
		{B6EEAA89-33F8-4C2B-8312-1424690A74C2}.Ad-Hoc|iPhone.Build.0 = Ad-Hoc|iPhone
		{B6EEAA89-33F8-4C2B-8312-1424690A74C2}.Ad-Hoc|iPhoneSimulator.ActiveCfg = Ad-Hoc|iPhoneSimulator
		{B6EEAA89-33F8-4C2B-8312-1424690A74C2}.Ad-Hoc|iPhoneSimulator.Build.0 = Ad-Hoc|iPhoneSimulator
		{B6EEAA89-33F8-4C2B-8312-1424690A74C2}.Ad-Hoc|x64.ActiveCfg = Ad-Hoc|iPhone
		{B6EEAA89-33F8-4C2B-8312-1424690A74C2}.Ad-Hoc|x86.ActiveCfg = Ad-Hoc|iPhone
		{B6EEAA89-33F8-4C2B-8312-1424690A74C2}.AppStore|Any CPU.ActiveCfg = AppStore|iPhone
		{B6EEAA89-33F8-4C2B-8312-1424690A74C2}.AppStore|ARM.ActiveCfg = AppStore|iPhone
		{B6EEAA89-33F8-4C2B-8312-1424690A74C2}.AppStore|iPhone.ActiveCfg = AppStore|iPhone
		{B6EEAA89-33F8-4C2B-8312-1424690A74C2}.AppStore|iPhone.Build.0 = AppStore|iPhone
		{B6EEAA89-33F8-4C2B-8312-1424690A74C2}.AppStore|iPhoneSimulator.ActiveCfg = AppStore|iPhoneSimulator
		{B6EEAA89-33F8-4C2B-8312-1424690A74C2}.AppStore|iPhoneSimulator.Build.0 = AppStore|iPhoneSimulator
		{B6EEAA89-33F8-4C2B-8312-1424690A74C2}.AppStore|x64.ActiveCfg = AppStore|iPhone
		{B6EEAA89-33F8-4C2B-8312-1424690A74C2}.AppStore|x86.ActiveCfg = AppStore|iPhone
		{B6EEAA89-33F8-4C2B-8312-1424690A74C2}.Debug|Any CPU.ActiveCfg = Debug|iPhone
		{B6EEAA89-33F8-4C2B-8312-1424690A74C2}.Debug|ARM.ActiveCfg = Debug|iPhone
		{B6EEAA89-33F8-4C2B-8312-1424690A74C2}.Debug|iPhone.ActiveCfg = Debug|iPhone
		{B6EEAA89-33F8-4C2B-8312-1424690A74C2}.Debug|iPhone.Build.0 = Debug|iPhone
		{B6EEAA89-33F8-4C2B-8312-1424690A74C2}.Debug|iPhoneSimulator.ActiveCfg = Debug|iPhoneSimulator
		{B6EEAA89-33F8-4C2B-8312-1424690A74C2}.Debug|iPhoneSimulator.Build.0 = Debug|iPhoneSimulator
		{B6EEAA89-33F8-4C2B-8312-1424690A74C2}.Debug|x64.ActiveCfg = Debug|iPhone
		{B6EEAA89-33F8-4C2B-8312-1424690A74C2}.Debug|x86.ActiveCfg = Debug|iPhone
		{B6EEAA89-33F8-4C2B-8312-1424690A74C2}.Release|Any CPU.ActiveCfg = Release|iPhone
		{B6EEAA89-33F8-4C2B-8312-1424690A74C2}.Release|ARM.ActiveCfg = Release|iPhone
		{B6EEAA89-33F8-4C2B-8312-1424690A74C2}.Release|iPhone.ActiveCfg = Release|iPhone
		{B6EEAA89-33F8-4C2B-8312-1424690A74C2}.Release|iPhone.Build.0 = Release|iPhone
		{B6EEAA89-33F8-4C2B-8312-1424690A74C2}.Release|iPhoneSimulator.ActiveCfg = Release|iPhoneSimulator
		{B6EEAA89-33F8-4C2B-8312-1424690A74C2}.Release|iPhoneSimulator.Build.0 = Release|iPhoneSimulator
		{B6EEAA89-33F8-4C2B-8312-1424690A74C2}.Release|x64.ActiveCfg = Release|iPhone
		{B6EEAA89-33F8-4C2B-8312-1424690A74C2}.Release|x86.ActiveCfg = Release|iPhone
		{C6111993-2B28-4100-BAE4-05FEEBA8FDB8}.Ad-Hoc|Any CPU.ActiveCfg = Release|Any CPU
		{C6111993-2B28-4100-BAE4-05FEEBA8FDB8}.Ad-Hoc|Any CPU.Build.0 = Release|Any CPU
		{C6111993-2B28-4100-BAE4-05FEEBA8FDB8}.Ad-Hoc|Any CPU.Deploy.0 = Release|Any CPU
		{C6111993-2B28-4100-BAE4-05FEEBA8FDB8}.Ad-Hoc|ARM.ActiveCfg = Release|ARM
		{C6111993-2B28-4100-BAE4-05FEEBA8FDB8}.Ad-Hoc|ARM.Build.0 = Release|ARM
		{C6111993-2B28-4100-BAE4-05FEEBA8FDB8}.Ad-Hoc|ARM.Deploy.0 = Release|ARM
		{C6111993-2B28-4100-BAE4-05FEEBA8FDB8}.Ad-Hoc|iPhone.ActiveCfg = Release|Any CPU
		{C6111993-2B28-4100-BAE4-05FEEBA8FDB8}.Ad-Hoc|iPhone.Build.0 = Release|Any CPU
		{C6111993-2B28-4100-BAE4-05FEEBA8FDB8}.Ad-Hoc|iPhone.Deploy.0 = Release|Any CPU
		{C6111993-2B28-4100-BAE4-05FEEBA8FDB8}.Ad-Hoc|iPhoneSimulator.ActiveCfg = Release|Any CPU
		{C6111993-2B28-4100-BAE4-05FEEBA8FDB8}.Ad-Hoc|iPhoneSimulator.Build.0 = Release|Any CPU
		{C6111993-2B28-4100-BAE4-05FEEBA8FDB8}.Ad-Hoc|iPhoneSimulator.Deploy.0 = Release|Any CPU
		{C6111993-2B28-4100-BAE4-05FEEBA8FDB8}.Ad-Hoc|x64.ActiveCfg = Release|Any CPU
		{C6111993-2B28-4100-BAE4-05FEEBA8FDB8}.Ad-Hoc|x64.Build.0 = Release|Any CPU
		{C6111993-2B28-4100-BAE4-05FEEBA8FDB8}.Ad-Hoc|x64.Deploy.0 = Release|Any CPU
		{C6111993-2B28-4100-BAE4-05FEEBA8FDB8}.Ad-Hoc|x86.ActiveCfg = Release|x86
		{C6111993-2B28-4100-BAE4-05FEEBA8FDB8}.Ad-Hoc|x86.Build.0 = Release|x86
		{C6111993-2B28-4100-BAE4-05FEEBA8FDB8}.Ad-Hoc|x86.Deploy.0 = Release|x86
		{C6111993-2B28-4100-BAE4-05FEEBA8FDB8}.AppStore|Any CPU.ActiveCfg = Release|Any CPU
		{C6111993-2B28-4100-BAE4-05FEEBA8FDB8}.AppStore|Any CPU.Build.0 = Release|Any CPU
		{C6111993-2B28-4100-BAE4-05FEEBA8FDB8}.AppStore|Any CPU.Deploy.0 = Release|Any CPU
		{C6111993-2B28-4100-BAE4-05FEEBA8FDB8}.AppStore|ARM.ActiveCfg = Release|ARM
		{C6111993-2B28-4100-BAE4-05FEEBA8FDB8}.AppStore|ARM.Build.0 = Release|ARM
		{C6111993-2B28-4100-BAE4-05FEEBA8FDB8}.AppStore|ARM.Deploy.0 = Release|ARM
		{C6111993-2B28-4100-BAE4-05FEEBA8FDB8}.AppStore|iPhone.ActiveCfg = Release|Any CPU
		{C6111993-2B28-4100-BAE4-05FEEBA8FDB8}.AppStore|iPhone.Build.0 = Release|Any CPU
		{C6111993-2B28-4100-BAE4-05FEEBA8FDB8}.AppStore|iPhone.Deploy.0 = Release|Any CPU
		{C6111993-2B28-4100-BAE4-05FEEBA8FDB8}.AppStore|iPhoneSimulator.ActiveCfg = Release|Any CPU
		{C6111993-2B28-4100-BAE4-05FEEBA8FDB8}.AppStore|iPhoneSimulator.Build.0 = Release|Any CPU
		{C6111993-2B28-4100-BAE4-05FEEBA8FDB8}.AppStore|iPhoneSimulator.Deploy.0 = Release|Any CPU
		{C6111993-2B28-4100-BAE4-05FEEBA8FDB8}.AppStore|x64.ActiveCfg = Release|Any CPU
		{C6111993-2B28-4100-BAE4-05FEEBA8FDB8}.AppStore|x64.Build.0 = Release|Any CPU
		{C6111993-2B28-4100-BAE4-05FEEBA8FDB8}.AppStore|x64.Deploy.0 = Release|Any CPU
		{C6111993-2B28-4100-BAE4-05FEEBA8FDB8}.AppStore|x86.ActiveCfg = Release|x86
		{C6111993-2B28-4100-BAE4-05FEEBA8FDB8}.AppStore|x86.Build.0 = Release|x86
		{C6111993-2B28-4100-BAE4-05FEEBA8FDB8}.AppStore|x86.Deploy.0 = Release|x86
		{C6111993-2B28-4100-BAE4-05FEEBA8FDB8}.Debug|Any CPU.ActiveCfg = Debug|Any CPU
		{C6111993-2B28-4100-BAE4-05FEEBA8FDB8}.Debug|Any CPU.Build.0 = Debug|Any CPU
		{C6111993-2B28-4100-BAE4-05FEEBA8FDB8}.Debug|Any CPU.Deploy.0 = Debug|Any CPU
		{C6111993-2B28-4100-BAE4-05FEEBA8FDB8}.Debug|ARM.ActiveCfg = Debug|ARM
		{C6111993-2B28-4100-BAE4-05FEEBA8FDB8}.Debug|ARM.Build.0 = Debug|ARM
		{C6111993-2B28-4100-BAE4-05FEEBA8FDB8}.Debug|ARM.Deploy.0 = Debug|ARM
		{C6111993-2B28-4100-BAE4-05FEEBA8FDB8}.Debug|iPhone.ActiveCfg = Debug|Any CPU
		{C6111993-2B28-4100-BAE4-05FEEBA8FDB8}.Debug|iPhone.Build.0 = Debug|Any CPU
		{C6111993-2B28-4100-BAE4-05FEEBA8FDB8}.Debug|iPhone.Deploy.0 = Debug|Any CPU
		{C6111993-2B28-4100-BAE4-05FEEBA8FDB8}.Debug|iPhoneSimulator.ActiveCfg = Debug|Any CPU
		{C6111993-2B28-4100-BAE4-05FEEBA8FDB8}.Debug|iPhoneSimulator.Build.0 = Debug|Any CPU
		{C6111993-2B28-4100-BAE4-05FEEBA8FDB8}.Debug|iPhoneSimulator.Deploy.0 = Debug|Any CPU
		{C6111993-2B28-4100-BAE4-05FEEBA8FDB8}.Debug|x64.ActiveCfg = Debug|Any CPU
		{C6111993-2B28-4100-BAE4-05FEEBA8FDB8}.Debug|x64.Build.0 = Debug|Any CPU
		{C6111993-2B28-4100-BAE4-05FEEBA8FDB8}.Debug|x64.Deploy.0 = Debug|Any CPU
		{C6111993-2B28-4100-BAE4-05FEEBA8FDB8}.Debug|x86.ActiveCfg = Debug|x86
		{C6111993-2B28-4100-BAE4-05FEEBA8FDB8}.Debug|x86.Build.0 = Debug|x86
		{C6111993-2B28-4100-BAE4-05FEEBA8FDB8}.Debug|x86.Deploy.0 = Debug|x86
		{C6111993-2B28-4100-BAE4-05FEEBA8FDB8}.Release|Any CPU.ActiveCfg = Release|Any CPU
		{C6111993-2B28-4100-BAE4-05FEEBA8FDB8}.Release|Any CPU.Build.0 = Release|Any CPU
		{C6111993-2B28-4100-BAE4-05FEEBA8FDB8}.Release|Any CPU.Deploy.0 = Release|Any CPU
		{C6111993-2B28-4100-BAE4-05FEEBA8FDB8}.Release|ARM.ActiveCfg = Release|ARM
		{C6111993-2B28-4100-BAE4-05FEEBA8FDB8}.Release|ARM.Build.0 = Release|ARM
		{C6111993-2B28-4100-BAE4-05FEEBA8FDB8}.Release|ARM.Deploy.0 = Release|ARM
		{C6111993-2B28-4100-BAE4-05FEEBA8FDB8}.Release|iPhone.ActiveCfg = Release|Any CPU
		{C6111993-2B28-4100-BAE4-05FEEBA8FDB8}.Release|iPhone.Build.0 = Release|Any CPU
		{C6111993-2B28-4100-BAE4-05FEEBA8FDB8}.Release|iPhone.Deploy.0 = Release|Any CPU
		{C6111993-2B28-4100-BAE4-05FEEBA8FDB8}.Release|iPhoneSimulator.ActiveCfg = Release|Any CPU
		{C6111993-2B28-4100-BAE4-05FEEBA8FDB8}.Release|iPhoneSimulator.Build.0 = Release|Any CPU
		{C6111993-2B28-4100-BAE4-05FEEBA8FDB8}.Release|iPhoneSimulator.Deploy.0 = Release|Any CPU
		{C6111993-2B28-4100-BAE4-05FEEBA8FDB8}.Release|x64.ActiveCfg = Release|Any CPU
		{C6111993-2B28-4100-BAE4-05FEEBA8FDB8}.Release|x64.Build.0 = Release|Any CPU
		{C6111993-2B28-4100-BAE4-05FEEBA8FDB8}.Release|x64.Deploy.0 = Release|Any CPU
		{C6111993-2B28-4100-BAE4-05FEEBA8FDB8}.Release|x86.ActiveCfg = Release|x86
		{C6111993-2B28-4100-BAE4-05FEEBA8FDB8}.Release|x86.Build.0 = Release|x86
		{C6111993-2B28-4100-BAE4-05FEEBA8FDB8}.Release|x86.Deploy.0 = Release|x86
		{9F63CE7B-B8C8-4B01-80D4-32E09C833CB7}.Ad-Hoc|Any CPU.ActiveCfg = Release|x86
		{9F63CE7B-B8C8-4B01-80D4-32E09C833CB7}.Ad-Hoc|Any CPU.Build.0 = Release|x86
		{9F63CE7B-B8C8-4B01-80D4-32E09C833CB7}.Ad-Hoc|Any CPU.Deploy.0 = Release|x86
		{9F63CE7B-B8C8-4B01-80D4-32E09C833CB7}.Ad-Hoc|ARM.ActiveCfg = Release|ARM
		{9F63CE7B-B8C8-4B01-80D4-32E09C833CB7}.Ad-Hoc|ARM.Build.0 = Release|ARM
		{9F63CE7B-B8C8-4B01-80D4-32E09C833CB7}.Ad-Hoc|ARM.Deploy.0 = Release|ARM
		{9F63CE7B-B8C8-4B01-80D4-32E09C833CB7}.Ad-Hoc|iPhone.ActiveCfg = Release|x86
		{9F63CE7B-B8C8-4B01-80D4-32E09C833CB7}.Ad-Hoc|iPhone.Build.0 = Release|x86
		{9F63CE7B-B8C8-4B01-80D4-32E09C833CB7}.Ad-Hoc|iPhone.Deploy.0 = Release|x86
		{9F63CE7B-B8C8-4B01-80D4-32E09C833CB7}.Ad-Hoc|iPhoneSimulator.ActiveCfg = Release|x86
		{9F63CE7B-B8C8-4B01-80D4-32E09C833CB7}.Ad-Hoc|iPhoneSimulator.Build.0 = Release|x86
		{9F63CE7B-B8C8-4B01-80D4-32E09C833CB7}.Ad-Hoc|iPhoneSimulator.Deploy.0 = Release|x86
		{9F63CE7B-B8C8-4B01-80D4-32E09C833CB7}.Ad-Hoc|x64.ActiveCfg = Release|x64
		{9F63CE7B-B8C8-4B01-80D4-32E09C833CB7}.Ad-Hoc|x64.Build.0 = Release|x64
		{9F63CE7B-B8C8-4B01-80D4-32E09C833CB7}.Ad-Hoc|x64.Deploy.0 = Release|x64
		{9F63CE7B-B8C8-4B01-80D4-32E09C833CB7}.Ad-Hoc|x86.ActiveCfg = Release|x86
		{9F63CE7B-B8C8-4B01-80D4-32E09C833CB7}.Ad-Hoc|x86.Build.0 = Release|x86
		{9F63CE7B-B8C8-4B01-80D4-32E09C833CB7}.Ad-Hoc|x86.Deploy.0 = Release|x86
		{9F63CE7B-B8C8-4B01-80D4-32E09C833CB7}.AppStore|Any CPU.ActiveCfg = Release|x86
		{9F63CE7B-B8C8-4B01-80D4-32E09C833CB7}.AppStore|Any CPU.Build.0 = Release|x86
		{9F63CE7B-B8C8-4B01-80D4-32E09C833CB7}.AppStore|Any CPU.Deploy.0 = Release|x86
		{9F63CE7B-B8C8-4B01-80D4-32E09C833CB7}.AppStore|ARM.ActiveCfg = Release|ARM
		{9F63CE7B-B8C8-4B01-80D4-32E09C833CB7}.AppStore|ARM.Build.0 = Release|ARM
		{9F63CE7B-B8C8-4B01-80D4-32E09C833CB7}.AppStore|ARM.Deploy.0 = Release|ARM
		{9F63CE7B-B8C8-4B01-80D4-32E09C833CB7}.AppStore|iPhone.ActiveCfg = Release|x86
		{9F63CE7B-B8C8-4B01-80D4-32E09C833CB7}.AppStore|iPhone.Build.0 = Release|x86
		{9F63CE7B-B8C8-4B01-80D4-32E09C833CB7}.AppStore|iPhone.Deploy.0 = Release|x86
		{9F63CE7B-B8C8-4B01-80D4-32E09C833CB7}.AppStore|iPhoneSimulator.ActiveCfg = Release|x86
		{9F63CE7B-B8C8-4B01-80D4-32E09C833CB7}.AppStore|iPhoneSimulator.Build.0 = Release|x86
		{9F63CE7B-B8C8-4B01-80D4-32E09C833CB7}.AppStore|iPhoneSimulator.Deploy.0 = Release|x86
		{9F63CE7B-B8C8-4B01-80D4-32E09C833CB7}.AppStore|x64.ActiveCfg = Release|x64
		{9F63CE7B-B8C8-4B01-80D4-32E09C833CB7}.AppStore|x64.Build.0 = Release|x64
		{9F63CE7B-B8C8-4B01-80D4-32E09C833CB7}.AppStore|x64.Deploy.0 = Release|x64
		{9F63CE7B-B8C8-4B01-80D4-32E09C833CB7}.AppStore|x86.ActiveCfg = Release|x86
		{9F63CE7B-B8C8-4B01-80D4-32E09C833CB7}.AppStore|x86.Build.0 = Release|x86
		{9F63CE7B-B8C8-4B01-80D4-32E09C833CB7}.AppStore|x86.Deploy.0 = Release|x86
		{9F63CE7B-B8C8-4B01-80D4-32E09C833CB7}.Debug|Any CPU.ActiveCfg = Debug|x86
		{9F63CE7B-B8C8-4B01-80D4-32E09C833CB7}.Debug|ARM.ActiveCfg = Debug|ARM
		{9F63CE7B-B8C8-4B01-80D4-32E09C833CB7}.Debug|ARM.Build.0 = Debug|ARM
		{9F63CE7B-B8C8-4B01-80D4-32E09C833CB7}.Debug|ARM.Deploy.0 = Debug|ARM
		{9F63CE7B-B8C8-4B01-80D4-32E09C833CB7}.Debug|iPhone.ActiveCfg = Debug|x86
		{9F63CE7B-B8C8-4B01-80D4-32E09C833CB7}.Debug|iPhoneSimulator.ActiveCfg = Debug|x86
		{9F63CE7B-B8C8-4B01-80D4-32E09C833CB7}.Debug|x64.ActiveCfg = Debug|x64
		{9F63CE7B-B8C8-4B01-80D4-32E09C833CB7}.Debug|x64.Build.0 = Debug|x64
		{9F63CE7B-B8C8-4B01-80D4-32E09C833CB7}.Debug|x64.Deploy.0 = Debug|x64
		{9F63CE7B-B8C8-4B01-80D4-32E09C833CB7}.Debug|x86.ActiveCfg = Debug|x86
		{9F63CE7B-B8C8-4B01-80D4-32E09C833CB7}.Debug|x86.Build.0 = Debug|x86
		{9F63CE7B-B8C8-4B01-80D4-32E09C833CB7}.Debug|x86.Deploy.0 = Debug|x86
		{9F63CE7B-B8C8-4B01-80D4-32E09C833CB7}.Release|Any CPU.ActiveCfg = Release|x86
		{9F63CE7B-B8C8-4B01-80D4-32E09C833CB7}.Release|ARM.ActiveCfg = Release|ARM
		{9F63CE7B-B8C8-4B01-80D4-32E09C833CB7}.Release|ARM.Build.0 = Release|ARM
		{9F63CE7B-B8C8-4B01-80D4-32E09C833CB7}.Release|ARM.Deploy.0 = Release|ARM
		{9F63CE7B-B8C8-4B01-80D4-32E09C833CB7}.Release|iPhone.ActiveCfg = Release|x86
		{9F63CE7B-B8C8-4B01-80D4-32E09C833CB7}.Release|iPhoneSimulator.ActiveCfg = Release|x86
		{9F63CE7B-B8C8-4B01-80D4-32E09C833CB7}.Release|x64.ActiveCfg = Release|x64
		{9F63CE7B-B8C8-4B01-80D4-32E09C833CB7}.Release|x64.Build.0 = Release|x64
		{9F63CE7B-B8C8-4B01-80D4-32E09C833CB7}.Release|x64.Deploy.0 = Release|x64
		{9F63CE7B-B8C8-4B01-80D4-32E09C833CB7}.Release|x86.ActiveCfg = Release|x86
		{9F63CE7B-B8C8-4B01-80D4-32E09C833CB7}.Release|x86.Build.0 = Release|x86
		{9F63CE7B-B8C8-4B01-80D4-32E09C833CB7}.Release|x86.Deploy.0 = Release|x86
		{489312F0-5DBE-468A-AA4F-77B41DCF6A58}.Ad-Hoc|Any CPU.ActiveCfg = Release|Any CPU
		{489312F0-5DBE-468A-AA4F-77B41DCF6A58}.Ad-Hoc|Any CPU.Build.0 = Release|Any CPU
		{489312F0-5DBE-468A-AA4F-77B41DCF6A58}.Ad-Hoc|Any CPU.Deploy.0 = Release|Any CPU
		{489312F0-5DBE-468A-AA4F-77B41DCF6A58}.Ad-Hoc|ARM.ActiveCfg = Release|ARM
		{489312F0-5DBE-468A-AA4F-77B41DCF6A58}.Ad-Hoc|ARM.Build.0 = Release|ARM
		{489312F0-5DBE-468A-AA4F-77B41DCF6A58}.Ad-Hoc|ARM.Deploy.0 = Release|ARM
		{489312F0-5DBE-468A-AA4F-77B41DCF6A58}.Ad-Hoc|iPhone.ActiveCfg = Release|Any CPU
		{489312F0-5DBE-468A-AA4F-77B41DCF6A58}.Ad-Hoc|iPhone.Build.0 = Release|Any CPU
		{489312F0-5DBE-468A-AA4F-77B41DCF6A58}.Ad-Hoc|iPhone.Deploy.0 = Release|Any CPU
		{489312F0-5DBE-468A-AA4F-77B41DCF6A58}.Ad-Hoc|iPhoneSimulator.ActiveCfg = Release|Any CPU
		{489312F0-5DBE-468A-AA4F-77B41DCF6A58}.Ad-Hoc|iPhoneSimulator.Build.0 = Release|Any CPU
		{489312F0-5DBE-468A-AA4F-77B41DCF6A58}.Ad-Hoc|iPhoneSimulator.Deploy.0 = Release|Any CPU
		{489312F0-5DBE-468A-AA4F-77B41DCF6A58}.Ad-Hoc|x64.ActiveCfg = Release|x64
		{489312F0-5DBE-468A-AA4F-77B41DCF6A58}.Ad-Hoc|x64.Build.0 = Release|x64
		{489312F0-5DBE-468A-AA4F-77B41DCF6A58}.Ad-Hoc|x64.Deploy.0 = Release|x64
		{489312F0-5DBE-468A-AA4F-77B41DCF6A58}.Ad-Hoc|x86.ActiveCfg = Release|x86
		{489312F0-5DBE-468A-AA4F-77B41DCF6A58}.Ad-Hoc|x86.Build.0 = Release|x86
		{489312F0-5DBE-468A-AA4F-77B41DCF6A58}.Ad-Hoc|x86.Deploy.0 = Release|x86
		{489312F0-5DBE-468A-AA4F-77B41DCF6A58}.AppStore|Any CPU.ActiveCfg = Release|Any CPU
		{489312F0-5DBE-468A-AA4F-77B41DCF6A58}.AppStore|Any CPU.Build.0 = Release|Any CPU
		{489312F0-5DBE-468A-AA4F-77B41DCF6A58}.AppStore|Any CPU.Deploy.0 = Release|Any CPU
		{489312F0-5DBE-468A-AA4F-77B41DCF6A58}.AppStore|ARM.ActiveCfg = Release|ARM
		{489312F0-5DBE-468A-AA4F-77B41DCF6A58}.AppStore|ARM.Build.0 = Release|ARM
		{489312F0-5DBE-468A-AA4F-77B41DCF6A58}.AppStore|ARM.Deploy.0 = Release|ARM
		{489312F0-5DBE-468A-AA4F-77B41DCF6A58}.AppStore|iPhone.ActiveCfg = Release|Any CPU
		{489312F0-5DBE-468A-AA4F-77B41DCF6A58}.AppStore|iPhone.Build.0 = Release|Any CPU
		{489312F0-5DBE-468A-AA4F-77B41DCF6A58}.AppStore|iPhone.Deploy.0 = Release|Any CPU
		{489312F0-5DBE-468A-AA4F-77B41DCF6A58}.AppStore|iPhoneSimulator.ActiveCfg = Release|Any CPU
		{489312F0-5DBE-468A-AA4F-77B41DCF6A58}.AppStore|iPhoneSimulator.Build.0 = Release|Any CPU
		{489312F0-5DBE-468A-AA4F-77B41DCF6A58}.AppStore|iPhoneSimulator.Deploy.0 = Release|Any CPU
		{489312F0-5DBE-468A-AA4F-77B41DCF6A58}.AppStore|x64.ActiveCfg = Release|x64
		{489312F0-5DBE-468A-AA4F-77B41DCF6A58}.AppStore|x64.Build.0 = Release|x64
		{489312F0-5DBE-468A-AA4F-77B41DCF6A58}.AppStore|x64.Deploy.0 = Release|x64
		{489312F0-5DBE-468A-AA4F-77B41DCF6A58}.AppStore|x86.ActiveCfg = Release|x86
		{489312F0-5DBE-468A-AA4F-77B41DCF6A58}.AppStore|x86.Build.0 = Release|x86
		{489312F0-5DBE-468A-AA4F-77B41DCF6A58}.AppStore|x86.Deploy.0 = Release|x86
		{489312F0-5DBE-468A-AA4F-77B41DCF6A58}.Debug|Any CPU.ActiveCfg = Debug|Any CPU
		{489312F0-5DBE-468A-AA4F-77B41DCF6A58}.Debug|Any CPU.Build.0 = Debug|Any CPU
		{489312F0-5DBE-468A-AA4F-77B41DCF6A58}.Debug|Any CPU.Deploy.0 = Debug|Any CPU
		{489312F0-5DBE-468A-AA4F-77B41DCF6A58}.Debug|ARM.ActiveCfg = Debug|ARM
		{489312F0-5DBE-468A-AA4F-77B41DCF6A58}.Debug|ARM.Build.0 = Debug|ARM
		{489312F0-5DBE-468A-AA4F-77B41DCF6A58}.Debug|ARM.Deploy.0 = Debug|ARM
		{489312F0-5DBE-468A-AA4F-77B41DCF6A58}.Debug|iPhone.ActiveCfg = Debug|Any CPU
		{489312F0-5DBE-468A-AA4F-77B41DCF6A58}.Debug|iPhone.Build.0 = Debug|Any CPU
		{489312F0-5DBE-468A-AA4F-77B41DCF6A58}.Debug|iPhone.Deploy.0 = Debug|Any CPU
		{489312F0-5DBE-468A-AA4F-77B41DCF6A58}.Debug|iPhoneSimulator.ActiveCfg = Debug|Any CPU
		{489312F0-5DBE-468A-AA4F-77B41DCF6A58}.Debug|iPhoneSimulator.Build.0 = Debug|Any CPU
		{489312F0-5DBE-468A-AA4F-77B41DCF6A58}.Debug|iPhoneSimulator.Deploy.0 = Debug|Any CPU
		{489312F0-5DBE-468A-AA4F-77B41DCF6A58}.Debug|x64.ActiveCfg = Debug|x64
		{489312F0-5DBE-468A-AA4F-77B41DCF6A58}.Debug|x64.Build.0 = Debug|x64
		{489312F0-5DBE-468A-AA4F-77B41DCF6A58}.Debug|x64.Deploy.0 = Debug|x64
		{489312F0-5DBE-468A-AA4F-77B41DCF6A58}.Debug|x86.ActiveCfg = Debug|x86
		{489312F0-5DBE-468A-AA4F-77B41DCF6A58}.Debug|x86.Build.0 = Debug|x86
		{489312F0-5DBE-468A-AA4F-77B41DCF6A58}.Debug|x86.Deploy.0 = Debug|x86
		{489312F0-5DBE-468A-AA4F-77B41DCF6A58}.Release|Any CPU.ActiveCfg = Release|Any CPU
		{489312F0-5DBE-468A-AA4F-77B41DCF6A58}.Release|Any CPU.Build.0 = Release|Any CPU
		{489312F0-5DBE-468A-AA4F-77B41DCF6A58}.Release|Any CPU.Deploy.0 = Release|Any CPU
		{489312F0-5DBE-468A-AA4F-77B41DCF6A58}.Release|ARM.ActiveCfg = Release|ARM
		{489312F0-5DBE-468A-AA4F-77B41DCF6A58}.Release|ARM.Build.0 = Release|ARM
		{489312F0-5DBE-468A-AA4F-77B41DCF6A58}.Release|ARM.Deploy.0 = Release|ARM
		{489312F0-5DBE-468A-AA4F-77B41DCF6A58}.Release|iPhone.ActiveCfg = Release|Any CPU
		{489312F0-5DBE-468A-AA4F-77B41DCF6A58}.Release|iPhone.Build.0 = Release|Any CPU
		{489312F0-5DBE-468A-AA4F-77B41DCF6A58}.Release|iPhone.Deploy.0 = Release|Any CPU
		{489312F0-5DBE-468A-AA4F-77B41DCF6A58}.Release|iPhoneSimulator.ActiveCfg = Release|Any CPU
		{489312F0-5DBE-468A-AA4F-77B41DCF6A58}.Release|iPhoneSimulator.Build.0 = Release|Any CPU
		{489312F0-5DBE-468A-AA4F-77B41DCF6A58}.Release|iPhoneSimulator.Deploy.0 = Release|Any CPU
		{489312F0-5DBE-468A-AA4F-77B41DCF6A58}.Release|x64.ActiveCfg = Release|x64
		{489312F0-5DBE-468A-AA4F-77B41DCF6A58}.Release|x64.Build.0 = Release|x64
		{489312F0-5DBE-468A-AA4F-77B41DCF6A58}.Release|x64.Deploy.0 = Release|x64
		{489312F0-5DBE-468A-AA4F-77B41DCF6A58}.Release|x86.ActiveCfg = Release|x86
		{489312F0-5DBE-468A-AA4F-77B41DCF6A58}.Release|x86.Build.0 = Release|x86
		{489312F0-5DBE-468A-AA4F-77B41DCF6A58}.Release|x86.Deploy.0 = Release|x86
		{8065B508-8D32-46A7-8245-A03D03812B5A}.Ad-Hoc|Any CPU.ActiveCfg = Release|Any CPU
		{8065B508-8D32-46A7-8245-A03D03812B5A}.Ad-Hoc|Any CPU.Build.0 = Release|Any CPU
		{8065B508-8D32-46A7-8245-A03D03812B5A}.Ad-Hoc|ARM.ActiveCfg = Release|Any CPU
		{8065B508-8D32-46A7-8245-A03D03812B5A}.Ad-Hoc|ARM.Build.0 = Release|Any CPU
		{8065B508-8D32-46A7-8245-A03D03812B5A}.Ad-Hoc|iPhone.ActiveCfg = Release|Any CPU
		{8065B508-8D32-46A7-8245-A03D03812B5A}.Ad-Hoc|iPhone.Build.0 = Release|Any CPU
		{8065B508-8D32-46A7-8245-A03D03812B5A}.Ad-Hoc|iPhoneSimulator.ActiveCfg = Release|Any CPU
		{8065B508-8D32-46A7-8245-A03D03812B5A}.Ad-Hoc|iPhoneSimulator.Build.0 = Release|Any CPU
		{8065B508-8D32-46A7-8245-A03D03812B5A}.Ad-Hoc|x64.ActiveCfg = Release|Any CPU
		{8065B508-8D32-46A7-8245-A03D03812B5A}.Ad-Hoc|x64.Build.0 = Release|Any CPU
		{8065B508-8D32-46A7-8245-A03D03812B5A}.Ad-Hoc|x86.ActiveCfg = Release|Any CPU
		{8065B508-8D32-46A7-8245-A03D03812B5A}.Ad-Hoc|x86.Build.0 = Release|Any CPU
		{8065B508-8D32-46A7-8245-A03D03812B5A}.AppStore|Any CPU.ActiveCfg = Release|Any CPU
		{8065B508-8D32-46A7-8245-A03D03812B5A}.AppStore|Any CPU.Build.0 = Release|Any CPU
		{8065B508-8D32-46A7-8245-A03D03812B5A}.AppStore|ARM.ActiveCfg = Release|Any CPU
		{8065B508-8D32-46A7-8245-A03D03812B5A}.AppStore|ARM.Build.0 = Release|Any CPU
		{8065B508-8D32-46A7-8245-A03D03812B5A}.AppStore|iPhone.ActiveCfg = Release|Any CPU
		{8065B508-8D32-46A7-8245-A03D03812B5A}.AppStore|iPhone.Build.0 = Release|Any CPU
		{8065B508-8D32-46A7-8245-A03D03812B5A}.AppStore|iPhoneSimulator.ActiveCfg = Release|Any CPU
		{8065B508-8D32-46A7-8245-A03D03812B5A}.AppStore|iPhoneSimulator.Build.0 = Release|Any CPU
		{8065B508-8D32-46A7-8245-A03D03812B5A}.AppStore|x64.ActiveCfg = Release|Any CPU
		{8065B508-8D32-46A7-8245-A03D03812B5A}.AppStore|x64.Build.0 = Release|Any CPU
		{8065B508-8D32-46A7-8245-A03D03812B5A}.AppStore|x86.ActiveCfg = Release|Any CPU
		{8065B508-8D32-46A7-8245-A03D03812B5A}.AppStore|x86.Build.0 = Release|Any CPU
		{8065B508-8D32-46A7-8245-A03D03812B5A}.Debug|Any CPU.ActiveCfg = Debug|Any CPU
		{8065B508-8D32-46A7-8245-A03D03812B5A}.Debug|Any CPU.Build.0 = Debug|Any CPU
		{8065B508-8D32-46A7-8245-A03D03812B5A}.Debug|ARM.ActiveCfg = Debug|Any CPU
		{8065B508-8D32-46A7-8245-A03D03812B5A}.Debug|ARM.Build.0 = Debug|Any CPU
		{8065B508-8D32-46A7-8245-A03D03812B5A}.Debug|iPhone.ActiveCfg = Debug|Any CPU
		{8065B508-8D32-46A7-8245-A03D03812B5A}.Debug|iPhone.Build.0 = Debug|Any CPU
		{8065B508-8D32-46A7-8245-A03D03812B5A}.Debug|iPhoneSimulator.ActiveCfg = Debug|Any CPU
		{8065B508-8D32-46A7-8245-A03D03812B5A}.Debug|iPhoneSimulator.Build.0 = Debug|Any CPU
		{8065B508-8D32-46A7-8245-A03D03812B5A}.Debug|x64.ActiveCfg = Debug|Any CPU
		{8065B508-8D32-46A7-8245-A03D03812B5A}.Debug|x64.Build.0 = Debug|Any CPU
		{8065B508-8D32-46A7-8245-A03D03812B5A}.Debug|x86.ActiveCfg = Debug|Any CPU
		{8065B508-8D32-46A7-8245-A03D03812B5A}.Debug|x86.Build.0 = Debug|Any CPU
		{8065B508-8D32-46A7-8245-A03D03812B5A}.Release|Any CPU.ActiveCfg = Release|Any CPU
		{8065B508-8D32-46A7-8245-A03D03812B5A}.Release|Any CPU.Build.0 = Release|Any CPU
		{8065B508-8D32-46A7-8245-A03D03812B5A}.Release|ARM.ActiveCfg = Release|Any CPU
		{8065B508-8D32-46A7-8245-A03D03812B5A}.Release|ARM.Build.0 = Release|Any CPU
		{8065B508-8D32-46A7-8245-A03D03812B5A}.Release|iPhone.ActiveCfg = Release|Any CPU
		{8065B508-8D32-46A7-8245-A03D03812B5A}.Release|iPhone.Build.0 = Release|Any CPU
		{8065B508-8D32-46A7-8245-A03D03812B5A}.Release|iPhoneSimulator.ActiveCfg = Release|Any CPU
		{8065B508-8D32-46A7-8245-A03D03812B5A}.Release|iPhoneSimulator.Build.0 = Release|Any CPU
		{8065B508-8D32-46A7-8245-A03D03812B5A}.Release|x64.ActiveCfg = Release|Any CPU
		{8065B508-8D32-46A7-8245-A03D03812B5A}.Release|x64.Build.0 = Release|Any CPU
		{8065B508-8D32-46A7-8245-A03D03812B5A}.Release|x86.ActiveCfg = Release|Any CPU
		{8065B508-8D32-46A7-8245-A03D03812B5A}.Release|x86.Build.0 = Release|Any CPU
	EndGlobalSection
	GlobalSection(SolutionProperties) = preSolution
		HideSolutionNode = FALSE
	EndGlobalSection
EndGlobal
